
Microsoft Visual Studio Solution File, Format Version 12.00
# Visual Studio Version 16
VisualStudioVersion = 16.0.29001.49
MinimumVisualStudioVersion = 10.0.40219.1
Project("{8BC9CEB8-8B4A-11D0-8D11-00A0C91BC942}") = "ToyProject", "ToyProject\ToyProject.vcxproj", "{591FD068-3145-47CA-9CBC-A7EF42C38784}"
EndProject
Global
	GlobalSection(SolutionConfigurationPlatforms) = preSolution
		Debug|x64 = Debug|x64
		Debug|x86 = Debug|x86
		Release|x64 = Release|x64
		Release|x86 = Release|x86
	EndGlobalSection
	GlobalSection(ProjectConfigurationPlatforms) = postSolution
		{591FD068-3145-47CA-9CBC-A7EF42C38784}.Debug|x64.ActiveCfg = Debug|x64
		{591FD068-3145-47CA-9CBC-A7EF42C38784}.Debug|x64.Build.0 = Debug|x64
		{591FD068-3145-47CA-9CBC-A7EF42C38784}.Debug|x86.ActiveCfg = Debug|Win32
		{591FD068-3145-47CA-9CBC-A7EF42C38784}.Debug|x86.Build.0 = Debug|Win32
		{591FD068-3145-47CA-9CBC-A7EF42C38784}.Release|x64.ActiveCfg = Release|x64
		{591FD068-3145-47CA-9CBC-A7EF42C38784}.Release|x64.Build.0 = Release|x64
		{591FD068-3145-47CA-9CBC-A7EF42C38784}.Release|x86.ActiveCfg = Release|Win32
		{591FD068-3145-47CA-9CBC-A7EF42C38784}.Release|x86.Build.0 = Release|Win32
	EndGlobalSection
	GlobalSection(SolutionProperties) = preSolution
		HideSolutionNode = FALSE
	EndGlobalSection
	GlobalSection(ExtensibilityGlobals) = postSolution
		SolutionGuid = {D749ED54-BC8E-4E52-94EB-8C156B818087}
	EndGlobalSection
EndGlobal
